
Microsoft Visual Studio Solution File, Format Version 12.00
# Visual Studio Version 17
VisualStudioVersion = 17.10.35122.118
MinimumVisualStudioVersion = 10.0.40219.1
Project("{FAE04EC0-301F-11D3-BF4B-00C04F79EFBC}") = "HelloWorld", "HelloWorld\HelloWorld.csproj", "{1E17CF5A-05B2-4A4E-B43B-9D4DFFF39797}"
EndProject
Global
	GlobalSection(SolutionConfigurationPlatforms) = preSolution
		Debug|Any CPU = Debug|Any CPU
		Release|Any CPU = Release|Any CPU
	EndGlobalSection
	GlobalSection(ProjectConfigurationPlatforms) = postSolution
		{1E17CF5A-05B2-4A4E-B43B-9D4DFFF39797}.Debug|Any CPU.ActiveCfg = Debug|Any CPU
		{1E17CF5A-05B2-4A4E-B43B-9D4DFFF39797}.Debug|Any CPU.Build.0 = Debug|Any CPU
		{1E17CF5A-05B2-4A4E-B43B-9D4DFFF39797}.Release|Any CPU.ActiveCfg = Release|Any CPU
		{1E17CF5A-05B2-4A4E-B43B-9D4DFFF39797}.Release|Any CPU.Build.0 = Release|Any CPU
	EndGlobalSection
	GlobalSection(SolutionProperties) = preSolution
		HideSolutionNode = FALSE
	EndGlobalSection
	GlobalSection(ExtensibilityGlobals) = postSolution
		SolutionGuid = {D5C53804-0197-412A-854E-B0AE7FCD5440}
	EndGlobalSection
EndGlobal
